
Microsoft Visual Studio Solution File, Format Version 12.00
# Visual Studio 15
VisualStudioVersion = 15.0.27004.2008
MinimumVisualStudioVersion = 10.0.40219.1
Project("{2150E333-8FDC-42A3-9474-1A3956D46DE8}") = "工厂模式", "工厂模式", "{B9A0E9C2-B585-44FB-A44A-1839C944992E}"
EndProject
Project("{2150E333-8FDC-42A3-9474-1A3956D46DE8}") = "Test", "Test", "{CACFC509-3074-4C89-BEEE-36BCA4F58194}"
EndProject
Project("{9A19103F-16F7-4668-BE54-9A1E7A4F7556}") = "SimpleFactory", "SimpleFactory\SimpleFactory.csproj", "{09810354-E3B4-47FE-A9DA-D0DE69411C30}"
EndProject
Project("{2150E333-8FDC-42A3-9474-1A3956D46DE8}") = "UML", "UML", "{5404D172-346A-44DA-B4B4-E6F40E81F7DD}"
EndProject
Project("{2150E333-8FDC-42A3-9474-1A3956D46DE8}") = "策略模式", "策略模式", "{93EAC40F-A508-4F46-81FD-673789692318}"
EndProject
Project("{9A19103F-16F7-4668-BE54-9A1E7A4F7556}") = "StrategyCashier", "StrategyCashier\StrategyCashier.csproj", "{2C4C7090-141C-41BC-BA69-E112916E4BCC}"
EndProject
Project("{2150E333-8FDC-42A3-9474-1A3956D46DE8}") = "装饰模式", "装饰模式", "{FD5FC40F-E348-43FE-8AB5-A37A4FD70470}"
EndProject
Project("{9A19103F-16F7-4668-BE54-9A1E7A4F7556}") = "Decorator", "Decorator\Decorator.csproj", "{B0519B67-B1D7-42F9-ABA8-D8CA6494C0EA}"
EndProject
Project("{2150E333-8FDC-42A3-9474-1A3956D46DE8}") = "代理模式", "代理模式", "{E2999A1E-83CB-4A53-AAAC-E72A2605F013}"
EndProject
Project("{9A19103F-16F7-4668-BE54-9A1E7A4F7556}") = "Proxies", "Proxies\Proxies.csproj", "{F0186C45-D0D4-4E7C-BDED-1BB9723538E2}"
EndProject
Project("{2150E333-8FDC-42A3-9474-1A3956D46DE8}") = "原型模式", "原型模式", "{507F14CE-0575-452A-B878-AD79ADEC32E2}"
EndProject
Project("{9A19103F-16F7-4668-BE54-9A1E7A4F7556}") = "Prototypes", "Prototypes\Prototypes.csproj", "{6DE0BFA6-4EE6-4404-A3A2-3EF1BFC840FF}"
EndProject
Project("{9A19103F-16F7-4668-BE54-9A1E7A4F7556}") = "UmlDescription", "UmlDescription\UmlDescription.csproj", "{2862DDA7-113E-4451-B9B6-419DCC57B638}"
EndProject
Project("{2150E333-8FDC-42A3-9474-1A3956D46DE8}") = "模板方法模式", "模板方法模式", "{9E8DADE1-F174-4F74-85E1-A90A235264C3}"
EndProject
Project("{9A19103F-16F7-4668-BE54-9A1E7A4F7556}") = "TemplateMethod", "TemplateMethod\TemplateMethod.csproj", "{B2BC5250-9B0C-49D0-89C5-F53E051FB9A4}"
EndProject
Project("{2150E333-8FDC-42A3-9474-1A3956D46DE8}") = "外观模式", "外观模式", "{FF82A8FE-C71B-4511-A9F8-EA3F8B10E5EE}"
EndProject
Project("{9A19103F-16F7-4668-BE54-9A1E7A4F7556}") = "Facades", "Facades\Facades.csproj", "{25FB9DCE-7D22-431C-85B6-771B73ABCAC3}"
EndProject
Project("{2150E333-8FDC-42A3-9474-1A3956D46DE8}") = "建造者模式", "建造者模式", "{92C72070-95C9-41CD-98BB-ED0BC3E6723A}"
EndProject
Project("{9A19103F-16F7-4668-BE54-9A1E7A4F7556}") = "Builders", "Builders\Builders.csproj", "{96AFCA06-6126-4335-BC3B-17E456944BDC}"
EndProject
Project("{2150E333-8FDC-42A3-9474-1A3956D46DE8}") = "观察者模式", "观察者模式", "{04D1CD54-2217-47CA-AAE7-FBF06E116843}"
EndProject
Project("{9A19103F-16F7-4668-BE54-9A1E7A4F7556}") = "Observer", "Observer\Observer.csproj", "{BB404AF9-1DEC-4048-AD20-9D9137382FD3}"
EndProject
Project("{9A19103F-16F7-4668-BE54-9A1E7A4F7556}") = "AbstractFacotry", "AbstractFacotry\AbstractFacotry.csproj", "{8F5F9931-A71E-4F2E-85E4-889CFC5325B8}"
EndProject
Project("{2150E333-8FDC-42A3-9474-1A3956D46DE8}") = "状态模式", "状态模式", "{8EF7E362-5A15-403B-AF1B-304137DB8CF5}"
EndProject
Project("{9A19103F-16F7-4668-BE54-9A1E7A4F7556}") = "State Pattern", "State Pattern\State Pattern.csproj", "{23E49E9C-238D-48C2-8C7C-FBF817ACF6DB}"
EndProject
Project("{2150E333-8FDC-42A3-9474-1A3956D46DE8}") = "适配器模式", "适配器模式", "{B5A69FC3-9308-4BC0-94CE-54068AF76A9C}"
EndProject
Project("{9A19103F-16F7-4668-BE54-9A1E7A4F7556}") = "AdapterPattern", "AdapterPattern\AdapterPattern.csproj", "{4568B2BC-33B5-4448-9DD3-C9003D07FA56}"
EndProject
Project("{2150E333-8FDC-42A3-9474-1A3956D46DE8}") = "备忘录模式", "备忘录模式", "{2256EBC2-AF6B-4077-8B7E-0DB4E5A79C97}"
EndProject
Project("{9A19103F-16F7-4668-BE54-9A1E7A4F7556}") = "Memento", "Memento\Memento.csproj", "{99E7E067-2AAE-4435-A26C-FCABD2AE4770}"
EndProject
Project("{2150E333-8FDC-42A3-9474-1A3956D46DE8}") = "组合模式", "组合模式", "{022280F5-4AA1-467A-A8E6-C8E471EF8F20}"
EndProject
Project("{9A19103F-16F7-4668-BE54-9A1E7A4F7556}") = "Composite", "Composite\Composite.csproj", "{CDE487B4-D646-4E83-A09E-F024C9D1E416}"
EndProject
Project("{2150E333-8FDC-42A3-9474-1A3956D46DE8}") = "迭代器模式", "迭代器模式", "{8999F1C1-5413-45ED-AF43-E665997B0AB9}"
EndProject
Project("{9A19103F-16F7-4668-BE54-9A1E7A4F7556}") = "Iterator", "Iterator\Iterator.csproj", "{87EBFE94-73FD-4080-950E-65D5C09D4D0E}"
EndProject
Project("{2150E333-8FDC-42A3-9474-1A3956D46DE8}") = "单例模式", "单例模式", "{E04378CD-F865-4DC8-ABEF-49D48BEE0A0A}"
EndProject
Project("{9A19103F-16F7-4668-BE54-9A1E7A4F7556}") = "Singletons", "Singletons\Singletons.csproj", "{8B6A0E50-436B-45CA-8701-B83E7C07DA70}"
EndProject
Project("{2150E333-8FDC-42A3-9474-1A3956D46DE8}") = "桥接模式", "桥接模式", "{F458D675-A923-4936-94F3-18BD2AE509D6}"
EndProject
Project("{9A19103F-16F7-4668-BE54-9A1E7A4F7556}") = "BridgePattern", "BridgePattern\BridgePattern.csproj", "{5AE789B1-6C6E-47E1-A892-4585D1E4EDCE}"
EndProject
Project("{2150E333-8FDC-42A3-9474-1A3956D46DE8}") = "命令模式", "命令模式", "{EF0CC8AC-B7B8-4861-8B5E-F2744EAFCBE4}"
EndProject
Project("{9A19103F-16F7-4668-BE54-9A1E7A4F7556}") = "CommandPattern", "CommandPattern\CommandPattern.csproj", "{5DD24E0C-F5D2-489E-8D19-5BB253C18C12}"
EndProject
Project("{2150E333-8FDC-42A3-9474-1A3956D46DE8}") = "职责链模式", "职责链模式", "{400276EB-8056-478C-B127-73A95836333D}"
EndProject
Project("{FAE04EC0-301F-11D3-BF4B-00C04F79EFBC}") = "ChainOfResponsibility", "ChainOfResponsibility\ChainOfResponsibility.csproj", "{5DAF70B8-DC5F-466A-A2DD-164092F721A4}"
EndProject
Project("{2150E333-8FDC-42A3-9474-1A3956D46DE8}") = "中介者模式", "中介者模式", "{EC665830-73E2-4DFB-9F27-9DDFEC039ECD}"
EndProject
Project("{FAE04EC0-301F-11D3-BF4B-00C04F79EFBC}") = "Mediators", "Mediators\Mediators.csproj", "{3AE7F584-67EE-493D-B8E5-868F55B48AB9}"
EndProject
Global
	GlobalSection(SolutionConfigurationPlatforms) = preSolution
		Debug|Any CPU = Debug|Any CPU
		Release|Any CPU = Release|Any CPU
	EndGlobalSection
	GlobalSection(ProjectConfigurationPlatforms) = postSolution
		{09810354-E3B4-47FE-A9DA-D0DE69411C30}.Debug|Any CPU.ActiveCfg = Debug|Any CPU
		{09810354-E3B4-47FE-A9DA-D0DE69411C30}.Debug|Any CPU.Build.0 = Debug|Any CPU
		{09810354-E3B4-47FE-A9DA-D0DE69411C30}.Release|Any CPU.ActiveCfg = Release|Any CPU
		{09810354-E3B4-47FE-A9DA-D0DE69411C30}.Release|Any CPU.Build.0 = Release|Any CPU
		{2C4C7090-141C-41BC-BA69-E112916E4BCC}.Debug|Any CPU.ActiveCfg = Debug|Any CPU
		{2C4C7090-141C-41BC-BA69-E112916E4BCC}.Debug|Any CPU.Build.0 = Debug|Any CPU
		{2C4C7090-141C-41BC-BA69-E112916E4BCC}.Release|Any CPU.ActiveCfg = Release|Any CPU
		{2C4C7090-141C-41BC-BA69-E112916E4BCC}.Release|Any CPU.Build.0 = Release|Any CPU
		{B0519B67-B1D7-42F9-ABA8-D8CA6494C0EA}.Debug|Any CPU.ActiveCfg = Debug|Any CPU
		{B0519B67-B1D7-42F9-ABA8-D8CA6494C0EA}.Debug|Any CPU.Build.0 = Debug|Any CPU
		{B0519B67-B1D7-42F9-ABA8-D8CA6494C0EA}.Release|Any CPU.ActiveCfg = Release|Any CPU
		{B0519B67-B1D7-42F9-ABA8-D8CA6494C0EA}.Release|Any CPU.Build.0 = Release|Any CPU
		{F0186C45-D0D4-4E7C-BDED-1BB9723538E2}.Debug|Any CPU.ActiveCfg = Debug|Any CPU
		{F0186C45-D0D4-4E7C-BDED-1BB9723538E2}.Debug|Any CPU.Build.0 = Debug|Any CPU
		{F0186C45-D0D4-4E7C-BDED-1BB9723538E2}.Release|Any CPU.ActiveCfg = Release|Any CPU
		{F0186C45-D0D4-4E7C-BDED-1BB9723538E2}.Release|Any CPU.Build.0 = Release|Any CPU
		{6DE0BFA6-4EE6-4404-A3A2-3EF1BFC840FF}.Debug|Any CPU.ActiveCfg = Debug|Any CPU
		{6DE0BFA6-4EE6-4404-A3A2-3EF1BFC840FF}.Debug|Any CPU.Build.0 = Debug|Any CPU
		{6DE0BFA6-4EE6-4404-A3A2-3EF1BFC840FF}.Release|Any CPU.ActiveCfg = Release|Any CPU
		{6DE0BFA6-4EE6-4404-A3A2-3EF1BFC840FF}.Release|Any CPU.Build.0 = Release|Any CPU
		{2862DDA7-113E-4451-B9B6-419DCC57B638}.Debug|Any CPU.ActiveCfg = Debug|Any CPU
		{2862DDA7-113E-4451-B9B6-419DCC57B638}.Debug|Any CPU.Build.0 = Debug|Any CPU
		{2862DDA7-113E-4451-B9B6-419DCC57B638}.Release|Any CPU.ActiveCfg = Release|Any CPU
		{2862DDA7-113E-4451-B9B6-419DCC57B638}.Release|Any CPU.Build.0 = Release|Any CPU
		{B2BC5250-9B0C-49D0-89C5-F53E051FB9A4}.Debug|Any CPU.ActiveCfg = Debug|Any CPU
		{B2BC5250-9B0C-49D0-89C5-F53E051FB9A4}.Debug|Any CPU.Build.0 = Debug|Any CPU
		{B2BC5250-9B0C-49D0-89C5-F53E051FB9A4}.Release|Any CPU.ActiveCfg = Release|Any CPU
		{B2BC5250-9B0C-49D0-89C5-F53E051FB9A4}.Release|Any CPU.Build.0 = Release|Any CPU
		{25FB9DCE-7D22-431C-85B6-771B73ABCAC3}.Debug|Any CPU.ActiveCfg = Debug|Any CPU
		{25FB9DCE-7D22-431C-85B6-771B73ABCAC3}.Debug|Any CPU.Build.0 = Debug|Any CPU
		{25FB9DCE-7D22-431C-85B6-771B73ABCAC3}.Release|Any CPU.ActiveCfg = Release|Any CPU
		{25FB9DCE-7D22-431C-85B6-771B73ABCAC3}.Release|Any CPU.Build.0 = Release|Any CPU
		{96AFCA06-6126-4335-BC3B-17E456944BDC}.Debug|Any CPU.ActiveCfg = Debug|Any CPU
		{96AFCA06-6126-4335-BC3B-17E456944BDC}.Debug|Any CPU.Build.0 = Debug|Any CPU
		{96AFCA06-6126-4335-BC3B-17E456944BDC}.Release|Any CPU.ActiveCfg = Release|Any CPU
		{96AFCA06-6126-4335-BC3B-17E456944BDC}.Release|Any CPU.Build.0 = Release|Any CPU
		{BB404AF9-1DEC-4048-AD20-9D9137382FD3}.Debug|Any CPU.ActiveCfg = Debug|Any CPU
		{BB404AF9-1DEC-4048-AD20-9D9137382FD3}.Debug|Any CPU.Build.0 = Debug|Any CPU
		{BB404AF9-1DEC-4048-AD20-9D9137382FD3}.Release|Any CPU.ActiveCfg = Release|Any CPU
		{BB404AF9-1DEC-4048-AD20-9D9137382FD3}.Release|Any CPU.Build.0 = Release|Any CPU
		{8F5F9931-A71E-4F2E-85E4-889CFC5325B8}.Debug|Any CPU.ActiveCfg = Debug|Any CPU
		{8F5F9931-A71E-4F2E-85E4-889CFC5325B8}.Debug|Any CPU.Build.0 = Debug|Any CPU
		{8F5F9931-A71E-4F2E-85E4-889CFC5325B8}.Release|Any CPU.ActiveCfg = Release|Any CPU
		{8F5F9931-A71E-4F2E-85E4-889CFC5325B8}.Release|Any CPU.Build.0 = Release|Any CPU
		{23E49E9C-238D-48C2-8C7C-FBF817ACF6DB}.Debug|Any CPU.ActiveCfg = Debug|Any CPU
		{23E49E9C-238D-48C2-8C7C-FBF817ACF6DB}.Debug|Any CPU.Build.0 = Debug|Any CPU
		{23E49E9C-238D-48C2-8C7C-FBF817ACF6DB}.Release|Any CPU.ActiveCfg = Release|Any CPU
		{23E49E9C-238D-48C2-8C7C-FBF817ACF6DB}.Release|Any CPU.Build.0 = Release|Any CPU
		{4568B2BC-33B5-4448-9DD3-C9003D07FA56}.Debug|Any CPU.ActiveCfg = Debug|Any CPU
		{4568B2BC-33B5-4448-9DD3-C9003D07FA56}.Debug|Any CPU.Build.0 = Debug|Any CPU
		{4568B2BC-33B5-4448-9DD3-C9003D07FA56}.Release|Any CPU.ActiveCfg = Release|Any CPU
		{4568B2BC-33B5-4448-9DD3-C9003D07FA56}.Release|Any CPU.Build.0 = Release|Any CPU
		{99E7E067-2AAE-4435-A26C-FCABD2AE4770}.Debug|Any CPU.ActiveCfg = Debug|Any CPU
		{99E7E067-2AAE-4435-A26C-FCABD2AE4770}.Debug|Any CPU.Build.0 = Debug|Any CPU
		{99E7E067-2AAE-4435-A26C-FCABD2AE4770}.Release|Any CPU.ActiveCfg = Release|Any CPU
		{99E7E067-2AAE-4435-A26C-FCABD2AE4770}.Release|Any CPU.Build.0 = Release|Any CPU
		{CDE487B4-D646-4E83-A09E-F024C9D1E416}.Debug|Any CPU.ActiveCfg = Debug|Any CPU
		{CDE487B4-D646-4E83-A09E-F024C9D1E416}.Debug|Any CPU.Build.0 = Debug|Any CPU
		{CDE487B4-D646-4E83-A09E-F024C9D1E416}.Release|Any CPU.ActiveCfg = Release|Any CPU
		{CDE487B4-D646-4E83-A09E-F024C9D1E416}.Release|Any CPU.Build.0 = Release|Any CPU
		{87EBFE94-73FD-4080-950E-65D5C09D4D0E}.Debug|Any CPU.ActiveCfg = Debug|Any CPU
		{87EBFE94-73FD-4080-950E-65D5C09D4D0E}.Debug|Any CPU.Build.0 = Debug|Any CPU
		{87EBFE94-73FD-4080-950E-65D5C09D4D0E}.Release|Any CPU.ActiveCfg = Release|Any CPU
		{87EBFE94-73FD-4080-950E-65D5C09D4D0E}.Release|Any CPU.Build.0 = Release|Any CPU
		{8B6A0E50-436B-45CA-8701-B83E7C07DA70}.Debug|Any CPU.ActiveCfg = Debug|Any CPU
		{8B6A0E50-436B-45CA-8701-B83E7C07DA70}.Debug|Any CPU.Build.0 = Debug|Any CPU
		{8B6A0E50-436B-45CA-8701-B83E7C07DA70}.Release|Any CPU.ActiveCfg = Release|Any CPU
		{8B6A0E50-436B-45CA-8701-B83E7C07DA70}.Release|Any CPU.Build.0 = Release|Any CPU
		{5AE789B1-6C6E-47E1-A892-4585D1E4EDCE}.Debug|Any CPU.ActiveCfg = Debug|Any CPU
		{5AE789B1-6C6E-47E1-A892-4585D1E4EDCE}.Debug|Any CPU.Build.0 = Debug|Any CPU
		{5AE789B1-6C6E-47E1-A892-4585D1E4EDCE}.Release|Any CPU.ActiveCfg = Release|Any CPU
		{5AE789B1-6C6E-47E1-A892-4585D1E4EDCE}.Release|Any CPU.Build.0 = Release|Any CPU
		{5DD24E0C-F5D2-489E-8D19-5BB253C18C12}.Debug|Any CPU.ActiveCfg = Debug|Any CPU
		{5DD24E0C-F5D2-489E-8D19-5BB253C18C12}.Debug|Any CPU.Build.0 = Debug|Any CPU
		{5DD24E0C-F5D2-489E-8D19-5BB253C18C12}.Release|Any CPU.ActiveCfg = Release|Any CPU
		{5DD24E0C-F5D2-489E-8D19-5BB253C18C12}.Release|Any CPU.Build.0 = Release|Any CPU
		{5DAF70B8-DC5F-466A-A2DD-164092F721A4}.Debug|Any CPU.ActiveCfg = Debug|Any CPU
		{5DAF70B8-DC5F-466A-A2DD-164092F721A4}.Debug|Any CPU.Build.0 = Debug|Any CPU
		{5DAF70B8-DC5F-466A-A2DD-164092F721A4}.Release|Any CPU.ActiveCfg = Release|Any CPU
		{5DAF70B8-DC5F-466A-A2DD-164092F721A4}.Release|Any CPU.Build.0 = Release|Any CPU
		{3AE7F584-67EE-493D-B8E5-868F55B48AB9}.Debug|Any CPU.ActiveCfg = Debug|Any CPU
		{3AE7F584-67EE-493D-B8E5-868F55B48AB9}.Debug|Any CPU.Build.0 = Debug|Any CPU
		{3AE7F584-67EE-493D-B8E5-868F55B48AB9}.Release|Any CPU.ActiveCfg = Release|Any CPU
		{3AE7F584-67EE-493D-B8E5-868F55B48AB9}.Release|Any CPU.Build.0 = Release|Any CPU
	EndGlobalSection
	GlobalSection(SolutionProperties) = preSolution
		HideSolutionNode = FALSE
	EndGlobalSection
	GlobalSection(NestedProjects) = preSolution
		{09810354-E3B4-47FE-A9DA-D0DE69411C30} = {B9A0E9C2-B585-44FB-A44A-1839C944992E}
		{2C4C7090-141C-41BC-BA69-E112916E4BCC} = {93EAC40F-A508-4F46-81FD-673789692318}
		{B0519B67-B1D7-42F9-ABA8-D8CA6494C0EA} = {FD5FC40F-E348-43FE-8AB5-A37A4FD70470}
		{F0186C45-D0D4-4E7C-BDED-1BB9723538E2} = {E2999A1E-83CB-4A53-AAAC-E72A2605F013}
		{6DE0BFA6-4EE6-4404-A3A2-3EF1BFC840FF} = {507F14CE-0575-452A-B878-AD79ADEC32E2}
		{2862DDA7-113E-4451-B9B6-419DCC57B638} = {5404D172-346A-44DA-B4B4-E6F40E81F7DD}
		{B2BC5250-9B0C-49D0-89C5-F53E051FB9A4} = {9E8DADE1-F174-4F74-85E1-A90A235264C3}
		{25FB9DCE-7D22-431C-85B6-771B73ABCAC3} = {FF82A8FE-C71B-4511-A9F8-EA3F8B10E5EE}
		{96AFCA06-6126-4335-BC3B-17E456944BDC} = {92C72070-95C9-41CD-98BB-ED0BC3E6723A}
		{BB404AF9-1DEC-4048-AD20-9D9137382FD3} = {04D1CD54-2217-47CA-AAE7-FBF06E116843}
		{8F5F9931-A71E-4F2E-85E4-889CFC5325B8} = {B9A0E9C2-B585-44FB-A44A-1839C944992E}
		{23E49E9C-238D-48C2-8C7C-FBF817ACF6DB} = {8EF7E362-5A15-403B-AF1B-304137DB8CF5}
		{4568B2BC-33B5-4448-9DD3-C9003D07FA56} = {B5A69FC3-9308-4BC0-94CE-54068AF76A9C}
		{99E7E067-2AAE-4435-A26C-FCABD2AE4770} = {2256EBC2-AF6B-4077-8B7E-0DB4E5A79C97}
		{CDE487B4-D646-4E83-A09E-F024C9D1E416} = {022280F5-4AA1-467A-A8E6-C8E471EF8F20}
		{87EBFE94-73FD-4080-950E-65D5C09D4D0E} = {8999F1C1-5413-45ED-AF43-E665997B0AB9}
		{8B6A0E50-436B-45CA-8701-B83E7C07DA70} = {E04378CD-F865-4DC8-ABEF-49D48BEE0A0A}
		{5AE789B1-6C6E-47E1-A892-4585D1E4EDCE} = {F458D675-A923-4936-94F3-18BD2AE509D6}
		{5DD24E0C-F5D2-489E-8D19-5BB253C18C12} = {EF0CC8AC-B7B8-4861-8B5E-F2744EAFCBE4}
		{5DAF70B8-DC5F-466A-A2DD-164092F721A4} = {400276EB-8056-478C-B127-73A95836333D}
		{3AE7F584-67EE-493D-B8E5-868F55B48AB9} = {EC665830-73E2-4DFB-9F27-9DDFEC039ECD}
	EndGlobalSection
	GlobalSection(ExtensibilityGlobals) = postSolution
		SolutionGuid = {E6743BD3-7935-40EF-BE42-93886BAC3C40}
	EndGlobalSection
EndGlobal
